
Microsoft Visual Studio Solution File, Format Version 12.00
# Visual Studio Version 17
VisualStudioVersion = 17.5.33502.453
MinimumVisualStudioVersion = 10.0.40219.1
Project("{FAE04EC0-301F-11D3-BF4B-00C04F79EFBC}") = "CodingC#", "CodingC#\CodingC#.csproj", "{7595362D-5F99-4FEA-B348-E14B89D0DC8E}"
EndProject
Global
	GlobalSection(SolutionConfigurationPlatforms) = preSolution
		Debug|Any CPU = Debug|Any CPU
		Release|Any CPU = Release|Any CPU
	EndGlobalSection
	GlobalSection(ProjectConfigurationPlatforms) = postSolution
		{7595362D-5F99-4FEA-B348-E14B89D0DC8E}.Debug|Any CPU.ActiveCfg = Debug|Any CPU
		{7595362D-5F99-4FEA-B348-E14B89D0DC8E}.Debug|Any CPU.Build.0 = Debug|Any CPU
		{7595362D-5F99-4FEA-B348-E14B89D0DC8E}.Release|Any CPU.ActiveCfg = Release|Any CPU
		{7595362D-5F99-4FEA-B348-E14B89D0DC8E}.Release|Any CPU.Build.0 = Release|Any CPU
	EndGlobalSection
	GlobalSection(SolutionProperties) = preSolution
		HideSolutionNode = FALSE
	EndGlobalSection
	GlobalSection(ExtensibilityGlobals) = postSolution
		SolutionGuid = {11B4AB99-6940-4783-BDFA-0D88B6AD6F55}
	EndGlobalSection
EndGlobal
